version = 1
requires-python = ">=3.12"

[[package]]
name = "pyinterval"
version = "0.1.0"
source = { virtual = "." }
dependencies = [
    { name = "python-dateutil" },
]

[package.metadata]
requires-dist = [{ name = "python-dateutil", specifier = "==2.9.0" }]

[[package]]
name = "python-dateutil"
version = "2.9.0"
source = { registry = "https://pypi.org/simple" }
dependencies = [
    { name = "six" },
]
sdist = { url = "https://files.pythonhosted.org/packages/d9/77/bd458a2e387e98f71de86dcc2ca2cab64489736004c80bc12b70da8b5488/python-dateutil-2.9.0.tar.gz", hash = "sha256:78e73e19c63f5b20ffa567001531680d939dc042bf7850431877645523c66709", size = 342990 }
wheels = [
    { url = "https://files.pythonhosted.org/packages/13/7f/98d6f9ca8b731506c85785bbb8806c01f5966a4df6d68c0d1cf3b16967e1/python_dateutil-2.9.0-py2.py3-none-any.whl", hash = "sha256:cbf2f1da5e6083ac2fbfd4da39a25f34312230110440f424a14c7558bb85d82e", size = 230495 },
]

[[package]]
name = "six"
version = "1.16.0"
source = { registry = "https://pypi.org/simple" }
sdist = { url = "https://files.pythonhosted.org/packages/71/39/171f1c67cd00715f190ba0b100d606d440a28c93c7714febeca8b79af85e/six-1.16.0.tar.gz", hash = "sha256:1e61c37477a1626458e36f7b1d82aa5c9b094fa4802892072e49de9c60c4c926", size = 34041 }
wheels = [
    { url = "https://files.pythonhosted.org/packages/d9/5a/e7c31adbe875f2abbb91bd84cf2dc52d792b5a01506781dbcf25c91daf11/six-1.16.0-py2.py3-none-any.whl", hash = "sha256:8abb2f1d86890a2dfb989f9a77cfcfd3e47c2a354b01111771326f8aa26e0254", size = 11053 },
]
